;;;;;;;;;;;;;;;;;;;;;;;;;;;;;;;;;;;;;;;;;;;;;;;;;;;;;;;;;;;;;;;;;;;;;;;;;;;;;;;;
;; This is autogenerated by CLPM. Do not edit by hand.
;;;;;;;;;;;;;;;;;;;;;;;;;;;;;;;;;;;;;;;;;;;;;;;;;;;;;;;;;;;;;;;;;;;;;;;;;;;;;;;;

(:api-version "0.4")

;;;;;;;;;;;;;;;;;;;;;;;;;;;;;;;;;;;;;;;;;;;;;;;;;;;;;;;;;;;;;;;;;;;;;;;;;;;;;;;;
;; BEGIN SOURCES
;;;;;;;;;;;;;;;;;;;;;;;;;;;;;;;;;;;;;;;;;;;;;;;;;;;;;;;;;;;;;;;;;;;;;;;;;;;;;;;;

:sources
(:implicit-file :type :file-system :system-files ("menu-cairo-test.asd"))
(:implicit-vcs :type :vcs :projects
 (("alexandria" :git :url "git@common-lisp.net:alexandria/alexandria.git")))
(:implicit-vcs :type :vcs :projects
 (("cl-gobject-introspection" :github :path
   "andy128k/cl-gobject-introspection")))
(:implicit-vcs :type :vcs :projects
 (("cl-gobject-introspection-wrapper" :github :path
   "bohonghuang/cl-gobject-introspection-wrapper")))
(:implicit-vcs :type :vcs :projects
 (("cl-glib" :github :path "bohonghuang/cl-glib")))
(:implicit-vcs :type :vcs :projects
 (("cl-gtk4" :github :path "bohonghuang/cl-gtk4")))
(:implicit-vcs :type :vcs :projects
 (("defclass-std" :github :path "EuAndreh/defclass-std")))
("quicklisp" :url "https://beta.quicklisp.org/dist/quicklisp.txt" :type
 :quicklisp)


;;;;;;;;;;;;;;;;;;;;;;;;;;;;;;;;;;;;;;;;;;;;;;;;;;;;;;;;;;;;;;;;;;;;;;;;;;;;;;;;
;; BEGIN REQUIREMENTS
;;;;;;;;;;;;;;;;;;;;;;;;;;;;;;;;;;;;;;;;;;;;;;;;;;;;;;;;;;;;;;;;;;;;;;;;;;;;;;;;

:requirements
(:project :name "alexandria" :branch "master" :source :implicit-vcs)
(:project :name "cl-gobject-introspection" :branch "master" :source
 :implicit-vcs)
(:project :name "cl-gobject-introspection-wrapper" :branch "master" :source
 :implicit-vcs)
(:project :name "cl-glib" :branch "master" :source :implicit-vcs)
(:project :name "cl-gtk4" :branch "master" :source :implicit-vcs)
(:project :name "defclass-std" :branch "master" :source :implicit-vcs)
(:asd-file :name "menu-cairo-test.asd")


;;;;;;;;;;;;;;;;;;;;;;;;;;;;;;;;;;;;;;;;;;;;;;;;;;;;;;;;;;;;;;;;;;;;;;;;;;;;;;;;
;; BEGIN RELEASES
;;;;;;;;;;;;;;;;;;;;;;;;;;;;;;;;;;;;;;;;;;;;;;;;;;;;;;;;;;;;;;;;;;;;;;;;;;;;;;;;

:releases
("alexandria" :version (:commit "bc127deb0c7f345a5ca66184cf7ef13e75db72a7")
 :source :implicit-vcs :systems ("alexandria" "alexandria/tests"))
("anaphora" :version "2022-02-20" :source "quicklisp" :systems ("anaphora"))
("asdf-flv" :version "2016-04-21" :source "quicklisp" :systems
 ("net.didierverna.asdf-flv"))
("babel" :version "2023-02-15" :source "quicklisp" :systems ("babel"))
("bordeaux-threads" :version "2022-07-08" :source "quicklisp" :systems
 ("bordeaux-threads"))
("cffi" :version "2023-02-15" :source "quicklisp" :systems ("cffi"))
("cl-ansi-text" :version "2021-10-21" :source "quicklisp" :systems
 ("cl-ansi-text"))
("cl-cairo2" :version "2021-10-21" :source "quicklisp" :systems ("cl-cairo2"))
("cl-colors" :version "2018-03-28" :source "quicklisp" :systems ("cl-colors"))
("cl-colors2" :version "2023-02-15" :source "quicklisp" :systems ("cl-colors2"))
("cl-glib" :version (:commit "9e52827cce1cbb3962536b6a5e628febab593f57")
 :source :implicit-vcs :systems ("cl-gio" "cl-glib" "cl-gobject"))
("cl-gobject-introspection" :version
 (:commit "c4fef07d01cec7c830ce84ef150ed8e4da5959c4") :source :implicit-vcs
 :systems ("cl-gobject-introspection" "cl-gobject-introspection-test"))
("cl-gobject-introspection-wrapper" :version
 (:commit "ece3f765b6737bd3974944ecbf62999222e2dfd0") :source :implicit-vcs
 :systems ("cl-gobject-introspection-wrapper"))
("cl-gtk4" :version (:commit "3241cc90b84f8ef205d3cf76fcb93461db1a2a62")
 :source :implicit-vcs :systems
 ("cl-gdk4" "cl-gdk4/example" "cl-gtk4" "cl-gtk4.adw" "cl-gtk4.adw/example"
  "cl-gtk4.webkit2" "cl-gtk4.webkit2/example" "cl-gtk4/example"))
("cl-ppcre" :version "2022-02-20" :source "quicklisp" :systems ("cl-ppcre"))
("cl-utilities" :version "2010-10-07" :source "quicklisp" :systems
 ("cl-utilities"))
("defclass-std" :version (:commit "a4d32260a619eddf3a3e49df3af304f3c07ccec6")
 :source :implicit-vcs :systems ("defclass-std" "defclass-std-test"))
("fiveam" :version "2022-04-01" :source "quicklisp" :systems ("fiveam"))
("iterate" :version "2021-05-31" :source "quicklisp" :systems ("iterate"))
("let-plus" :version "2019-11-30" :source "quicklisp" :systems ("let-plus"))
("menu-cairo-test.asd" :version :newest :source :implicit-file :systems nil)
("metabang-bind" :version "2023-02-15" :source "quicklisp" :systems
 ("metabang-bind"))
("prove" :version "2020-02-18" :source "quicklisp" :systems
 ("prove" "prove-asdf"))
("trivial-backtrace" :version "2023-02-15" :source "quicklisp" :systems
 ("trivial-backtrace"))
("trivial-features" :version "2021-12-09" :source "quicklisp" :systems
 ("trivial-features"))
("trivial-garbage" :version "2021-12-30" :source "quicklisp" :systems
 ("trivial-garbage"))


;;;;;;;;;;;;;;;;;;;;;;;;;;;;;;;;;;;;;;;;;;;;;;;;;;;;;;;;;;;;;;;;;;;;;;;;;;;;;;;;
;; BEGIN REVERSE-DEPENDENCIES
;;;;;;;;;;;;;;;;;;;;;;;;;;;;;;;;;;;;;;;;;;;;;;;;;;;;;;;;;;;;;;;;;;;;;;;;;;;;;;;;

:reverse-dependencies
("alexandria" ((:system :name "prove") (:system :name "alexandria"))
 ((:system :name "let-plus") (:system :name "alexandria"))
 ((:system :name "fiveam") (:system :name "alexandria"))
 ((:system :name "defclass-std") (:system :name "alexandria"))
 ((:system :name "cl-gobject-introspection-wrapper")
  (:system :name "alexandria"))
 ((:system :name "cl-gobject-introspection") (:system :name "alexandria"))
 ((:system :name "cl-colors2") (:system :name "alexandria"))
 ((:system :name "cl-colors") (:system :name "alexandria"))
 ((:system :name "cl-ansi-text") (:system :name "alexandria"))
 ((:system :name "cffi") (:system :name "alexandria"))
 ((:system :name "bordeaux-threads") (:system :name "alexandria"))
 ((:system :name "babel") (:system :name "alexandria"))
 ((:system :name "alexandria/tests") (:system :name "alexandria"))
 (t
  (:project :name "alexandria" :commit
   "bc127deb0c7f345a5ca66184cf7ef13e75db72a7" :source :implicit-vcs)))

("anaphora" ((:system :name "let-plus") (:system :name "anaphora"))
 ((:system :name "defclass-std") (:system :name "anaphora")))

("asdf-flv"
 ((:system :name "fiveam") (:system :name "net.didierverna.asdf-flv")))

("babel" ((:system :name "cffi") (:system :name "babel")))

("bordeaux-threads"
 ((:system :name "cl-gtk4/example") (:system :name "bordeaux-threads"))
 ((:system :name "cl-glib") (:system :name "bordeaux-threads")))

("cffi" ((:system :name "cl-gobject-introspection") (:system :name "cffi"))
 ((:system :name "cl-cairo2") (:system :name "cffi")))

("cl-ansi-text" ((:system :name "prove") (:system :name "cl-ansi-text")))

("cl-cairo2" ((:system :name "cl-gdk4/example") (:system :name "cl-cairo2")))

("cl-colors" ((:system :name "prove") (:system :name "cl-colors"))
 ((:system :name "cl-cairo2") (:system :name "cl-colors")))

("cl-colors2" ((:system :name "cl-ansi-text") (:system :name "cl-colors2")))

("cl-glib" ((:system :name "cl-gtk4/example") (:system :name "cl-glib"))
 ((:system :name "cl-gtk4") (:system :name "cl-gio"))
 ((:system :name "cl-gtk4") (:system :name "cl-glib"))
 ((:system :name "cl-gtk4") (:system :name "cl-gobject"))
 (t
  (:project :name "cl-glib" :commit "9e52827cce1cbb3962536b6a5e628febab593f57"
   :source :implicit-vcs)))

("cl-gobject-introspection"
 ((:system :name "cl-gobject-introspection-wrapper")
  (:system :name "cl-gobject-introspection"))
 ((:system :name "cl-gobject-introspection-test")
  (:system :name "cl-gobject-introspection"))
 (t
  (:project :name "cl-gobject-introspection" :commit
   "c4fef07d01cec7c830ce84ef150ed8e4da5959c4" :source :implicit-vcs)))

("cl-gobject-introspection-wrapper"
 ((:system :name "cl-gtk4.webkit2")
  (:system :name "cl-gobject-introspection-wrapper"))
 ((:system :name "cl-gtk4.adw")
  (:system :name "cl-gobject-introspection-wrapper"))
 ((:system :name "cl-gtk4") (:system :name "cl-gobject-introspection-wrapper"))
 ((:system :name "cl-gobject")
  (:system :name "cl-gobject-introspection-wrapper"))
 ((:system :name "cl-glib") (:system :name "cl-gobject-introspection-wrapper"))
 ((:system :name "cl-gio") (:system :name "cl-gobject-introspection-wrapper"))
 ((:system :name "cl-gdk4") (:system :name "cl-gobject-introspection-wrapper"))
 (t
  (:project :name "cl-gobject-introspection-wrapper" :commit
   "ece3f765b6737bd3974944ecbf62999222e2dfd0" :source :implicit-vcs)))

("cl-gtk4" ((:system :name "cl-gtk4/example") (:system :name "cl-gtk4"))
 ((:system :name "cl-gtk4.webkit2/example") (:system :name "cl-gtk4"))
 ((:system :name "cl-gtk4.webkit2/example") (:system :name "cl-gtk4.webkit2"))
 ((:system :name "cl-gtk4.webkit2") (:system :name "cl-gtk4"))
 ((:system :name "cl-gtk4.adw/example") (:system :name "cl-gtk4.adw"))
 ((:system :name "cl-gtk4.adw/example") (:system :name "cl-gtk4"))
 ((:system :name "cl-gtk4.adw") (:system :name "cl-gtk4"))
 ((:system :name "cl-gdk4/example") (:system :name "cl-gdk4"))
 ((:system :name "cl-gdk4/example") (:system :name "cl-gtk4"))
 (t
  (:project :name "cl-gtk4" :commit "3241cc90b84f8ef205d3cf76fcb93461db1a2a62"
   :source :implicit-vcs)))

("cl-ppcre" ((:system :name "prove") (:system :name "cl-ppcre"))
 ((:system :name "cl-gobject-introspection-wrapper")
  (:system :name "cl-ppcre"))
 ((:system :name "cl-colors2") (:system :name "cl-ppcre")))

("cl-utilities" ((:system :name "cl-cairo2") (:system :name "cl-utilities")))

("defclass-std"
 ((:system :name "defclass-std-test") (:system :name "defclass-std"))
 (t
  (:project :name "defclass-std" :commit
   "a4d32260a619eddf3a3e49df3af304f3c07ccec6" :source :implicit-vcs)))

("fiveam"
 ((:system :name "cl-gobject-introspection-test") (:system :name "fiveam")))

("iterate"
 ((:system :name "cl-gobject-introspection-test") (:system :name "iterate"))
 ((:system :name "cl-gobject-introspection") (:system :name "iterate")))

("let-plus" ((:system :name "cl-colors") (:system :name "let-plus")))

("menu-cairo-test.asd" (t (:asd-file :name "menu-cairo-test.asd")))

("metabang-bind" ((:system :name "cl-cairo2") (:system :name "metabang-bind")))

("prove" ((:system :name "defclass-std-test") (:system :name "prove-asdf"))
 ((:system :name "defclass-std-test") (:system :name "prove-asdf"))
 ((:system :name "defclass-std-test") (:system :name "prove")))

("trivial-backtrace"
 ((:system :name "fiveam") (:system :name "trivial-backtrace")))

("trivial-features"
 ((:system :name "cl-cairo2") (:system :name "trivial-features"))
 ((:system :name "cffi") (:system :name "trivial-features"))
 ((:system :name "babel") (:system :name "trivial-features")))

("trivial-garbage"
 ((:system :name "cl-gobject-introspection") (:system :name "trivial-garbage"))
 ((:system :name "cl-cairo2") (:system :name "trivial-garbage")))

